
Microsoft Visual Studio Solution File, Format Version 12.00
# Visual Studio Version 16
VisualStudioVersion = 16.0.30804.86
MinimumVisualStudioVersion = 10.0.40219.1
Project("{F184B08F-C81C-45F6-A57F-5ABD9991F28F}") = "VBTestLinqApp", "VBTestLinqApp\VBTestLinqApp.vbproj", "{E9898DE6-DC5D-4330-90FC-93F1C4150A1A}"
EndProject
Global
	GlobalSection(SolutionConfigurationPlatforms) = preSolution
		Debug|Any CPU = Debug|Any CPU
		Release|Any CPU = Release|Any CPU
	EndGlobalSection
	GlobalSection(ProjectConfigurationPlatforms) = postSolution
		{E9898DE6-DC5D-4330-90FC-93F1C4150A1A}.Debug|Any CPU.ActiveCfg = Debug|Any CPU
		{E9898DE6-DC5D-4330-90FC-93F1C4150A1A}.Debug|Any CPU.Build.0 = Debug|Any CPU
		{E9898DE6-DC5D-4330-90FC-93F1C4150A1A}.Release|Any CPU.ActiveCfg = Release|Any CPU
		{E9898DE6-DC5D-4330-90FC-93F1C4150A1A}.Release|Any CPU.Build.0 = Release|Any CPU
	EndGlobalSection
	GlobalSection(SolutionProperties) = preSolution
		HideSolutionNode = FALSE
	EndGlobalSection
	GlobalSection(ExtensibilityGlobals) = postSolution
		SolutionGuid = {05584668-A24A-4A09-B1D1-9F8A349A0BC7}
	EndGlobalSection
EndGlobal
